// !$*UTF8*$!
{
	archiveVersion = 1;
	classes = {
	};
	objectVersion = 48;
	objects = {

/* Begin PBXBuildFile section */
		3FAE050721AD5AF200DE8309 /* AppDelegate.swift in Sources */ = {isa = PBXBuildFile; fileRef = 3FAE050621AD5AF200DE8309 /* AppDelegate.swift */; };
		3FAE050921AD5AF200DE8309 /* ViewController.swift in Sources */ = {isa = PBXBuildFile; fileRef = 3FAE050821AD5AF200DE8309 /* ViewController.swift */; };
		3FAE050C21AD5AF200DE8309 /* Main.storyboard in Resources */ = {isa = PBXBuildFile; fileRef = 3FAE050A21AD5AF200DE8309 /* Main.storyboard */; };
		3FAE050E21AD5AF200DE8309 /* Assets.xcassets in Resources */ = {isa = PBXBuildFile; fileRef = 3FAE050D21AD5AF200DE8309 /* Assets.xcassets */; };
		3FAE051121AD5AF200DE8309 /* LaunchScreen.storyboard in Resources */ = {isa = PBXBuildFile; fileRef = 3FAE050F21AD5AF200DE8309 /* LaunchScreen.storyboard */; };
		3FAE051C21AD5AF300DE8309 /* animationUIViewTests.swift in Sources */ = {isa = PBXBuildFile; fileRef = 3FAE051B21AD5AF300DE8309 /* animationUIViewTests.swift */; };
		3FAE052721AD5AF400DE8309 /* animationUIViewUITests.swift in Sources */ = {isa = PBXBuildFile; fileRef = 3FAE052621AD5AF400DE8309 /* animationUIViewUITests.swift */; };
/* End PBXBuildFile section */

/* Begin PBXContainerItemProxy section */
		3FAE051821AD5AF300DE8309 /* PBXContainerItemProxy */ = {
			isa = PBXContainerItemProxy;
			containerPortal = 3FAE04FB21AD5AF200DE8309 /* Project object */;
			proxyType = 1;
			remoteGlobalIDString = 3FAE050221AD5AF200DE8309;
			remoteInfo = animationUIView;
		};
		3FAE052321AD5AF400DE8309 /* PBXContainerItemProxy */ = {
			isa = PBXContainerItemProxy;
			containerPortal = 3FAE04FB21AD5AF200DE8309 /* Project object */;
			proxyType = 1;
			remoteGlobalIDString = 3FAE050221AD5AF200DE8309;
			remoteInfo = animationUIView;
		};
/* End PBXContainerItemProxy section */

/* Begin PBXFileReference section */
		3FAE050321AD5AF200DE8309 /* animationUIView.app */ = {isa = PBXFileReference; explicitFileType = wrapper.application; includeInIndex = 0; path = animationUIView.app; sourceTree = BUILT_PRODUCTS_DIR; };
		3FAE050621AD5AF200DE8309 /* AppDelegate.swift */ = {isa = PBXFileReference; lastKnownFileType = sourcecode.swift; path = AppDelegate.swift; sourceTree = "<group>"; };
		3FAE050821AD5AF200DE8309 /* ViewController.swift */ = {isa = PBXFileReference; lastKnownFileType = sourcecode.swift; path = ViewController.swift; sourceTree = "<group>"; };
		3FAE050B21AD5AF200DE8309 /* Base */ = {isa = PBXFileReference; lastKnownFileType = file.storyboard; name = Base; path = Base.lproj/Main.storyboard; sourceTree = "<group>"; };
		3FAE050D21AD5AF200DE8309 /* Assets.xcassets */ = {isa = PBXFileReference; lastKnownFileType = folder.assetcatalog; path = Assets.xcassets; sourceTree = "<group>"; };
		3FAE051021AD5AF200DE8309 /* Base */ = {isa = PBXFileReference; lastKnownFileType = file.storyboard; name = Base; path = Base.lproj/LaunchScreen.storyboard; sourceTree = "<group>"; };
		3FAE051221AD5AF300DE8309 /* Info.plist */ = {isa = PBXFileReference; lastKnownFileType = text.plist.xml; path = Info.plist; sourceTree = "<group>"; };
		3FAE051721AD5AF300DE8309 /* animationUIViewTests.xctest */ = {isa = PBXFileReference; explicitFileType = wrapper.cfbundle; includeInIndex = 0; path = animationUIViewTests.xctest; sourceTree = BUILT_PRODUCTS_DIR; };
		3FAE051B21AD5AF300DE8309 /* animationUIViewTests.swift */ = {isa = PBXFileReference; lastKnownFileType = sourcecode.swift; path = animationUIViewTests.swift; sourceTree = "<group>"; };
		3FAE051D21AD5AF400DE8309 /* Info.plist */ = {isa = PBXFileReference; lastKnownFileType = text.plist.xml; path = Info.plist; sourceTree = "<group>"; };
		3FAE052221AD5AF400DE8309 /* animationUIViewUITests.xctest */ = {isa = PBXFileReference; explicitFileType = wrapper.cfbundle; includeInIndex = 0; path = animationUIViewUITests.xctest; sourceTree = BUILT_PRODUCTS_DIR; };
		3FAE052621AD5AF400DE8309 /* animationUIViewUITests.swift */ = {isa = PBXFileReference; lastKnownFileType = sourcecode.swift; path = animationUIViewUITests.swift; sourceTree = "<group>"; };
		3FAE052821AD5AF400DE8309 /* Info.plist */ = {isa = PBXFileReference; lastKnownFileType = text.plist.xml; path = Info.plist; sourceTree = "<group>"; };
/* End PBXFileReference section */

/* Begin PBXFrameworksBuildPhase section */
		3FAE050021AD5AF200DE8309 /* Frameworks */ = {
			isa = PBXFrameworksBuildPhase;
			buildActionMask = 2147483647;
			files = (
			);
			runOnlyForDeploymentPostprocessing = 0;
		};
		3FAE051421AD5AF300DE8309 /* Frameworks */ = {
			isa = PBXFrameworksBuildPhase;
			buildActionMask = 2147483647;
			files = (
			);
			runOnlyForDeploymentPostprocessing = 0;
		};
		3FAE051F21AD5AF400DE8309 /* Frameworks */ = {
			isa = PBXFrameworksBuildPhase;
			buildActionMask = 2147483647;
			files = (
			);
			runOnlyForDeploymentPostprocessing = 0;
		};
/* End PBXFrameworksBuildPhase section */

/* Begin PBXGroup section */
		3FAE04FA21AD5AF200DE8309 = {
			isa = PBXGroup;
			children = (
				3FAE050521AD5AF200DE8309 /* animationUIView */,
				3FAE051A21AD5AF300DE8309 /* animationUIViewTests */,
				3FAE052521AD5AF400DE8309 /* animationUIViewUITests */,
				3FAE050421AD5AF200DE8309 /* Products */,
			);
			sourceTree = "<group>";
		};
		3FAE050421AD5AF200DE8309 /* Products */ = {
			isa = PBXGroup;
			children = (
				3FAE050321AD5AF200DE8309 /* animationUIView.app */,
				3FAE051721AD5AF300DE8309 /* animationUIViewTests.xctest */,
				3FAE052221AD5AF400DE8309 /* animationUIViewUITests.xctest */,
			);
			name = Products;
			sourceTree = "<group>";
		};
		3FAE050521AD5AF200DE8309 /* animationUIView */ = {
			isa = PBXGroup;
			children = (
				3FAE050621AD5AF200DE8309 /* AppDelegate.swift */,
				3FAE050821AD5AF200DE8309 /* ViewController.swift */,
				3FAE050A21AD5AF200DE8309 /* Main.storyboard */,
				3FAE050D21AD5AF200DE8309 /* Assets.xcassets */,
				3FAE050F21AD5AF200DE8309 /* LaunchScreen.storyboard */,
				3FAE051221AD5AF300DE8309 /* Info.plist */,
			);
			path = animationUIView;
			sourceTree = "<group>";
		};
		3FAE051A21AD5AF300DE8309 /* animationUIViewTests */ = {
			isa = PBXGroup;
			children = (
				3FAE051B21AD5AF300DE8309 /* animationUIViewTests.swift */,
				3FAE051D21AD5AF400DE8309 /* Info.plist */,
			);
			path = animationUIViewTests;
			sourceTree = "<group>";
		};
		3FAE052521AD5AF400DE8309 /* animationUIViewUITests */ = {
			isa = PBXGroup;
			children = (
				3FAE052621AD5AF400DE8309 /* animationUIViewUITests.swift */,
				3FAE052821AD5AF400DE8309 /* Info.plist */,
			);
			path = animationUIViewUITests;
			sourceTree = "<group>";
		};
/* End PBXGroup section */

/* Begin PBXNativeTarget section */
		3FAE050221AD5AF200DE8309 /* animationUIView */ = {
			isa = PBXNativeTarget;
			buildConfigurationList = 3FAE052B21AD5AF400DE8309 /* Build configuration list for PBXNativeTarget "animationUIView" */;
			buildPhases = (
				3FAE04FF21AD5AF200DE8309 /* Sources */,
				3FAE050021AD5AF200DE8309 /* Frameworks */,
				3FAE050121AD5AF200DE8309 /* Resources */,
			);
			buildRules = (
			);
			dependencies = (
			);
			name = animationUIView;
			productName = animationUIView;
			productReference = 3FAE050321AD5AF200DE8309 /* animationUIView.app */;
			productType = "com.apple.product-type.application";
		};
		3FAE051621AD5AF300DE8309 /* animationUIViewTests */ = {
			isa = PBXNativeTarget;
			buildConfigurationList = 3FAE052E21AD5AF400DE8309 /* Build configuration list for PBXNativeTarget "animationUIViewTests" */;
			buildPhases = (
				3FAE051321AD5AF300DE8309 /* Sources */,
				3FAE051421AD5AF300DE8309 /* Frameworks */,
				3FAE051521AD5AF300DE8309 /* Resources */,
			);
			buildRules = (
			);
			dependencies = (
				3FAE051921AD5AF300DE8309 /* PBXTargetDependency */,
			);
			name = animationUIViewTests;
			productName = animationUIViewTests;
			productReference = 3FAE051721AD5AF300DE8309 /* animationUIViewTests.xctest */;
			productType = "com.apple.product-type.bundle.unit-test";
		};
		3FAE052121AD5AF400DE8309 /* animationUIViewUITests */ = {
			isa = PBXNativeTarget;
			buildConfigurationList = 3FAE053121AD5AF400DE8309 /* Build configuration list for PBXNativeTarget "animationUIViewUITests" */;
			buildPhases = (
				3FAE051E21AD5AF400DE8309 /* Sources */,
				3FAE051F21AD5AF400DE8309 /* Frameworks */,
				3FAE052021AD5AF400DE8309 /* Resources */,
			);
			buildRules = (
			);
			dependencies = (
				3FAE052421AD5AF400DE8309 /* PBXTargetDependency */,
			);
			name = animationUIViewUITests;
			productName = animationUIViewUITests;
			productReference = 3FAE052221AD5AF400DE8309 /* animationUIViewUITests.xctest */;
			productType = "com.apple.product-type.bundle.ui-testing";
		};
/* End PBXNativeTarget section */

/* Begin PBXProject section */
		3FAE04FB21AD5AF200DE8309 /* Project object */ = {
			isa = PBXProject;
			attributes = {
				LastSwiftUpdateCheck = 0900;
				LastUpgradeCheck = 0900;
				ORGANIZATIONNAME = Young;
				TargetAttributes = {
					3FAE050221AD5AF200DE8309 = {
						CreatedOnToolsVersion = 9.0;
						ProvisioningStyle = Automatic;
					};
					3FAE051621AD5AF300DE8309 = {
						CreatedOnToolsVersion = 9.0;
						ProvisioningStyle = Automatic;
						TestTargetID = 3FAE050221AD5AF200DE8309;
					};
					3FAE052121AD5AF400DE8309 = {
						CreatedOnToolsVersion = 9.0;
						ProvisioningStyle = Automatic;
						TestTargetID = 3FAE050221AD5AF200DE8309;
					};
				};
			};
			buildConfigurationList = 3FAE04FE21AD5AF200DE8309 /* Build configuration list for PBXProject "animationUIView" */;
			compatibilityVersion = "Xcode 8.0";
			developmentRegion = en;
			hasScannedForEncodings = 0;
			knownRegions = (
				en,
				Base,
			);
			mainGroup = 3FAE04FA21AD5AF200DE8309;
			productRefGroup = 3FAE050421AD5AF200DE8309 /* Products */;
			projectDirPath = "";
			projectRoot = "";
			targets = (
				3FAE050221AD5AF200DE8309 /* animationUIView */,
				3FAE051621AD5AF300DE8309 /* animationUIViewTests */,
				3FAE052121AD5AF400DE8309 /* animationUIViewUITests */,
			);
		};
/* End PBXProject section */

/* Begin PBXResourcesBuildPhase section */
		3FAE050121AD5AF200DE8309 /* Resources */ = {
			isa = PBXResourcesBuildPhase;
			buildActionMask = 2147483647;
			files = (
				3FAE051121AD5AF200DE8309 /* LaunchScreen.storyboard in Resources */,
				3FAE050E21AD5AF200DE8309 /* Assets.xcassets in Resources */,
				3FAE050C21AD5AF200DE8309 /* Main.storyboard in Resources */,
			);
			runOnlyForDeploymentPostprocessing = 0;
		};
		3FAE051521AD5AF300DE8309 /* Resources */ = {
			isa = PBXResourcesBuildPhase;
			buildActionMask = 2147483647;
			files = (
			);
			runOnlyForDeploymentPostprocessing = 0;
		};
		3FAE052021AD5AF400DE8309 /* Resources */ = {
			isa = PBXResourcesBuildPhase;
			buildActionMask = 2147483647;
			files = (
			);
			runOnlyForDeploymentPostprocessing = 0;
		};
/* End PBXResourcesBuildPhase section */

/* Begin PBXSourcesBuildPhase section */
		3FAE04FF21AD5AF200DE8309 /* Sources */ = {
			isa = PBXSourcesBuildPhase;
			buildActionMask = 2147483647;
			files = (
				3FAE050921AD5AF200DE8309 /* ViewController.swift in Sources */,
				3FAE050721AD5AF200DE8309 /* AppDelegate.swift in Sources */,
			);
			runOnlyForDeploymentPostprocessing = 0;
		};
		3FAE051321AD5AF300DE8309 /* Sources */ = {
			isa = PBXSourcesBuildPhase;
			buildActionMask = 2147483647;
			files = (
				3FAE051C21AD5AF300DE8309 /* animationUIViewTests.swift in Sources */,
			);
			runOnlyForDeploymentPostprocessing = 0;
		};
		3FAE051E21AD5AF400DE8309 /* Sources */ = {
			isa = PBXSourcesBuildPhase;
			buildActionMask = 2147483647;
			files = (
				3FAE052721AD5AF400DE8309 /* animationUIViewUITests.swift in Sources */,
			);
			runOnlyForDeploymentPostprocessing = 0;
		};
/* End PBXSourcesBuildPhase section */

/* Begin PBXTargetDependency section */
		3FAE051921AD5AF300DE8309 /* PBXTargetDependency */ = {
			isa = PBXTargetDependency;
			target = 3FAE050221AD5AF200DE8309 /* animationUIView */;
			targetProxy = 3FAE051821AD5AF300DE8309 /* PBXContainerItemProxy */;
		};
		3FAE052421AD5AF400DE8309 /* PBXTargetDependency */ = {
			isa = PBXTargetDependency;
			target = 3FAE050221AD5AF200DE8309 /* animationUIView */;
			targetProxy = 3FAE052321AD5AF400DE8309 /* PBXContainerItemProxy */;
		};
/* End PBXTargetDependency section */

/* Begin PBXVariantGroup section */
		3FAE050A21AD5AF200DE8309 /* Main.storyboard */ = {
			isa = PBXVariantGroup;
			children = (
				3FAE050B21AD5AF200DE8309 /* Base */,
			);
			name = Main.storyboard;
			sourceTree = "<group>";
		};
		3FAE050F21AD5AF200DE8309 /* LaunchScreen.storyboard */ = {
			isa = PBXVariantGroup;
			children = (
				3FAE051021AD5AF200DE8309 /* Base */,
			);
			name = LaunchScreen.storyboard;
			sourceTree = "<group>";
		};
/* End PBXVariantGroup section */

/* Begin XCBuildConfiguration section */
		3FAE052921AD5AF400DE8309 /* Debug */ = {
			isa = XCBuildConfiguration;
			buildSettings = {
				ALWAYS_SEARCH_USER_PATHS = NO;
				CLANG_ANALYZER_NONNULL = YES;
				CLANG_ANALYZER_NUMBER_OBJECT_CONVERSION = YES_AGGRESSIVE;
				CLANG_CXX_LANGUAGE_STANDARD = "gnu++14";
				CLANG_CXX_LIBRARY = "libc++";
				CLANG_ENABLE_MODULES = YES;
				CLANG_ENABLE_OBJC_ARC = YES;
				CLANG_WARN_BLOCK_CAPTURE_AUTORELEASING = YES;
				CLANG_WARN_BOOL_CONVERSION = YES;
				CLANG_WARN_COMMA = YES;
				CLANG_WARN_CONSTANT_CONVERSION = YES;
				CLANG_WARN_DIRECT_OBJC_ISA_USAGE = YES_ERROR;
				CLANG_WARN_DOCUMENTATION_COMMENTS = YES;
				CLANG_WARN_EMPTY_BODY = YES;
				CLANG_WARN_ENUM_CONVERSION = YES;
				CLANG_WARN_INFINITE_RECURSION = YES;
				CLANG_WARN_INT_CONVERSION = YES;
				CLANG_WARN_NON_LITERAL_NULL_CONVERSION = YES;
				CLANG_WARN_OBJC_LITERAL_CONVERSION = YES;
				CLANG_WARN_OBJC_ROOT_CLASS = YES_ERROR;
				CLANG_WARN_RANGE_LOOP_ANALYSIS = YES;
				CLANG_WARN_STRICT_PROTOTYPES = YES;
				CLANG_WARN_SUSPICIOUS_MOVE = YES;
				CLANG_WARN_UNGUARDED_AVAILABILITY = YES_AGGRESSIVE;
				CLANG_WARN_UNREACHABLE_CODE = YES;
				CLANG_WARN__DUPLICATE_METHOD_MATCH = YES;
				CODE_SIGN_IDENTITY = "iPhone Developer";
				COPY_PHASE_STRIP = NO;
				DEBUG_INFORMATION_FORMAT = dwarf;
				ENABLE_STRICT_OBJC_MSGSEND = YES;
				ENABLE_TESTABILITY = YES;
				GCC_C_LANGUAGE_STANDARD = gnu11;
				GCC_DYNAMIC_NO_PIC = NO;
				GCC_NO_COMMON_BLOCKS = YES;
				GCC_OPTIMIZATION_LEVEL = 0;
				GCC_PREPROCESSOR_DEFINITIONS = (
					"DEBUG=1",
					"$(inherited)",
				);
				GCC_WARN_64_TO_32_BIT_CONVERSION = YES;
				GCC_WARN_ABOUT_RETURN_TYPE = YES_ERROR;
				GCC_WARN_UNDECLARED_SELECTOR = YES;
				GCC_WARN_UNINITIALIZED_AUTOS = YES_AGGRESSIVE;
				GCC_WARN_UNUSED_FUNCTION = YES;
				GCC_WARN_UNUSED_VARIABLE = YES;
				IPHONEOS_DEPLOYMENT_TARGET = 11.0;
				MTL_ENABLE_DEBUG_INFO = YES;
				ONLY_ACTIVE_ARCH = YES;
				SDKROOT = iphoneos;
				SWIFT_ACTIVE_COMPILATION_CONDITIONS = DEBUG;
				SWIFT_OPTIMIZATION_LEVEL = "-Onone";
			};
			name = Debug;
		};
		3FAE052A21AD5AF400DE8309 /* Release */ = {
			isa = XCBuildConfiguration;
			buildSettings = {
				ALWAYS_SEARCH_USER_PATHS = NO;
				CLANG_ANALYZER_NONNULL = YES;
				CLANG_ANALYZER_NUMBER_OBJECT_CONVERSION = YES_AGGRESSIVE;
				CLANG_CXX_LANGUAGE_STANDARD = "gnu++14";
				CLANG_CXX_LIBRARY = "libc++";
				CLANG_ENABLE_MODULES = YES;
				CLANG_ENABLE_OBJC_ARC = YES;
				CLANG_WARN_BLOCK_CAPTURE_AUTORELEASING = YES;
				CLANG_WARN_BOOL_CONVERSION = YES;
				CLANG_WARN_COMMA = YES;
				CLANG_WARN_CONSTANT_CONVERSION = YES;
				CLANG_WARN_DIRECT_OBJC_ISA_USAGE = YES_ERROR;
				CLANG_WARN_DOCUMENTATION_COMMENTS = YES;
				CLANG_WARN_EMPTY_BODY = YES;
				CLANG_WARN_ENUM_CONVERSION = YES;
				CLANG_WARN_INFINITE_RECURSION = YES;
				CLANG_WARN_INT_CONVERSION = YES;
				CLANG_WARN_NON_LITERAL_NULL_CONVERSION = YES;
				CLANG_WARN_OBJC_LITERAL_CONVERSION = YES;
				CLANG_WARN_OBJC_ROOT_CLASS = YES_ERROR;
				CLANG_WARN_RANGE_LOOP_ANALYSIS = YES;
				CLANG_WARN_STRICT_PROTOTYPES = YES;
				CLANG_WARN_SUSPICIOUS_MOVE = YES;
				CLANG_WARN_UNGUARDED_AVAILABILITY = YES_AGGRESSIVE;
				CLANG_WARN_UNREACHABLE_CODE = YES;
				CLANG_WARN__DUPLICATE_METHOD_MATCH = YES;
				CODE_SIGN_IDENTITY = "iPhone Developer";
				COPY_PHASE_STRIP = NO;
				DEBUG_INFORMATION_FORMAT = "dwarf-with-dsym";
				ENABLE_NS_ASSERTIONS = NO;
				ENABLE_STRICT_OBJC_MSGSEND = YES;
				GCC_C_LANGUAGE_STANDARD = gnu11;
				GCC_NO_COMMON_BLOCKS = YES;
				GCC_WARN_64_TO_32_BIT_CONVERSION = YES;
				GCC_WARN_ABOUT_RETURN_TYPE = YES_ERROR;
				GCC_WARN_UNDECLARED_SELECTOR = YES;
				GCC_WARN_UNINITIALIZED_AUTOS = YES_AGGRESSIVE;
				GCC_WARN_UNUSED_FUNCTION = YES;
				GCC_WARN_UNUSED_VARIABLE = YES;
				IPHONEOS_DEPLOYMENT_TARGET = 11.0;
				MTL_ENABLE_DEBUG_INFO = NO;
				SDKROOT = iphoneos;
				SWIFT_OPTIMIZATION_LEVEL = "-Owholemodule";
				VALIDATE_PRODUCT = YES;
			};
			name = Release;
		};
		3FAE052C21AD5AF400DE8309 /* Debug */ = {
			isa = XCBuildConfiguration;
			buildSettings = {
				ASSETCATALOG_COMPILER_APPICON_NAME = AppIcon;
				CODE_SIGN_STYLE = Automatic;
				INFOPLIST_FILE = animationUIView/Info.plist;
				LD_RUNPATH_SEARCH_PATHS = "$(inherited) @executable_path/Frameworks";
				PRODUCT_BUNDLE_IDENTIFIER = "-016110346.animationUIView";
				PRODUCT_NAME = "$(TARGET_NAME)";
				SWIFT_VERSION = 4.0;
				TARGETED_DEVICE_FAMILY = "1,2";
			};
			name = Debug;
		};
		3FAE052D21AD5AF400DE8309 /* Release */ = {
			isa = XCBuildConfiguration;
			buildSettings = {
				ASSETCATALOG_COMPILER_APPICON_NAME = AppIcon;
				CODE_SIGN_STYLE = Automatic;
				INFOPLIST_FILE = animationUIView/Info.plist;
				LD_RUNPATH_SEARCH_PATHS = "$(inherited) @executable_path/Frameworks";
				PRODUCT_BUNDLE_IDENTIFIER = "-016110346.animationUIView";
				PRODUCT_NAME = "$(TARGET_NAME)";
				SWIFT_VERSION = 4.0;
				TARGETED_DEVICE_FAMILY = "1,2";
			};
			name = Release;
		};
		3FAE052F21AD5AF400DE8309 /* Debug */ = {
			isa = XCBuildConfiguration;
			buildSettings = {
				ALWAYS_EMBED_SWIFT_STANDARD_LIBRARIES = YES;
				BUNDLE_LOADER = "$(TEST_HOST)";
				CODE_SIGN_STYLE = Automatic;
				INFOPLIST_FILE = animationUIViewTests/Info.plist;
				LD_RUNPATH_SEARCH_PATHS = "$(inherited) @executable_path/Frameworks @loader_path/Frameworks";
				PRODUCT_BUNDLE_IDENTIFIER = "-016110346.animationUIViewTests";
				PRODUCT_NAME = "$(TARGET_NAME)";
				SWIFT_VERSION = 4.0;
				TARGETED_DEVICE_FAMILY = "1,2";
				TEST_HOST = "$(BUILT_PRODUCTS_DIR)/animationUIView.app/animationUIView";
			};
			name = Debug;
		};
		3FAE053021AD5AF400DE8309 /* Release */ = {
			isa = XCBuildConfiguration;
			buildSettings = {
				ALWAYS_EMBED_SWIFT_STANDARD_LIBRARIES = YES;
				BUNDLE_LOADER = "$(TEST_HOST)";
				CODE_SIGN_STYLE = Automatic;
				INFOPLIST_FILE = animationUIViewTests/Info.plist;
				LD_RUNPATH_SEARCH_PATHS = "$(inherited) @executable_path/Frameworks @loader_path/Frameworks";
				PRODUCT_BUNDLE_IDENTIFIER = "-016110346.animationUIViewTests";
				PRODUCT_NAME = "$(TARGET_NAME)";
				SWIFT_VERSION = 4.0;
				TARGETED_DEVICE_FAMILY = "1,2";
				TEST_HOST = "$(BUILT_PRODUCTS_DIR)/animationUIView.app/animationUIView";
			};
			name = Release;
		};
		3FAE053221AD5AF400DE8309 /* Debug */ = {
			isa = XCBuildConfiguration;
			buildSettings = {
				ALWAYS_EMBED_SWIFT_STANDARD_LIBRARIES = YES;
				CODE_SIGN_STYLE = Automatic;
				INFOPLIST_FILE = animationUIViewUITests/Info.plist;
				LD_RUNPATH_SEARCH_PATHS = "$(inherited) @executable_path/Frameworks @loader_path/Frameworks";
				PRODUCT_BUNDLE_IDENTIFIER = "-016110346.animationUIViewUITests";
				PRODUCT_NAME = "$(TARGET_NAME)";
				SWIFT_VERSION = 4.0;
				TARGETED_DEVICE_FAMILY = "1,2";
				TEST_TARGET_NAME = animationUIView;
			};
			name = Debug;
		};
		3FAE053321AD5AF400DE8309 /* Release */ = {
			isa = XCBuildConfiguration;
			buildSettings = {
				ALWAYS_EMBED_SWIFT_STANDARD_LIBRARIES = YES;
				CODE_SIGN_STYLE = Automatic;
				INFOPLIST_FILE = animationUIViewUITests/Info.plist;
				LD_RUNPATH_SEARCH_PATHS = "$(inherited) @executable_path/Frameworks @loader_path/Frameworks";
				PRODUCT_BUNDLE_IDENTIFIER = "-016110346.animationUIViewUITests";
				PRODUCT_NAME = "$(TARGET_NAME)";
				SWIFT_VERSION = 4.0;
				TARGETED_DEVICE_FAMILY = "1,2";
				TEST_TARGET_NAME = animationUIView;
			};
			name = Release;
		};
/* End XCBuildConfiguration section */

/* Begin XCConfigurationList section */
		3FAE04FE21AD5AF200DE8309 /* Build configuration list for PBXProject "animationUIView" */ = {
			isa = XCConfigurationList;
			buildConfigurations = (
				3FAE052921AD5AF400DE8309 /* Debug */,
				3FAE052A21AD5AF400DE8309 /* Release */,
			);
			defaultConfigurationIsVisible = 0;
			defaultConfigurationName = Release;
		};
		3FAE052B21AD5AF400DE8309 /* Build configuration list for PBXNativeTarget "animationUIView" */ = {
			isa = XCConfigurationList;
			buildConfigurations = (
				3FAE052C21AD5AF400DE8309 /* Debug */,
				3FAE052D21AD5AF400DE8309 /* Release */,
			);
			defaultConfigurationIsVisible = 0;
			defaultConfigurationName = Release;
		};
		3FAE052E21AD5AF400DE8309 /* Build configuration list for PBXNativeTarget "animationUIViewTests" */ = {
			isa = XCConfigurationList;
			buildConfigurations = (
				3FAE052F21AD5AF400DE8309 /* Debug */,
				3FAE053021AD5AF400DE8309 /* Release */,
			);
			defaultConfigurationIsVisible = 0;
			defaultConfigurationName = Release;
		};
		3FAE053121AD5AF400DE8309 /* Build configuration list for PBXNativeTarget "animationUIViewUITests" */ = {
			isa = XCConfigurationList;
			buildConfigurations = (
				3FAE053221AD5AF400DE8309 /* Debug */,
				3FAE053321AD5AF400DE8309 /* Release */,
			);
			defaultConfigurationIsVisible = 0;
			defaultConfigurationName = Release;
		};
/* End XCConfigurationList section */
	};
	rootObject = 3FAE04FB21AD5AF200DE8309 /* Project object */;
}
